
Microsoft Visual Studio Solution File, Format Version 12.00
# Visual Studio 15
Project("{2150E333-8FDC-42A3-9474-1A3956D46DE8}") = "Appointment", "Appointment", "{FF578C55-9B36-42BA-963D-DDB43BAE402A}"
EndProject
Project("{FAE04EC0-301F-11D3-BF4B-00C04F79EFBC}") = "EventStoreLearning.Appointment", "libs\appointment\EventStoreLearning.Appointment\EventStoreLearning.Appointment.csproj", "{129EB70B-87F6-408D-B047-B52F5E49B7ED}"
EndProject
Project("{FAE04EC0-301F-11D3-BF4B-00C04F79EFBC}") = "EventStoreLearning.Appointment.ReadModel", "libs\appointment\EventStoreLearning.Appointment.ReadModel\EventStoreLearning.Appointment.ReadModel.csproj", "{B822E9FB-D2B8-4E55-83FC-957F046AAFF9}"
EndProject
Project("{FAE04EC0-301F-11D3-BF4B-00C04F79EFBC}") = "EventStoreLearning.Common", "libs\EventStoreLearning.Common\EventStoreLearning.Common.csproj", "{415AA27C-ED0E-43AC-8A27-F4D392FE5DF4}"
EndProject
Project("{FAE04EC0-301F-11D3-BF4B-00C04F79EFBC}") = "EventStoreLearning.Appointment.CommandApi", "apps\appointment\EventStoreLearning.Appointment.CommandApi\EventStoreLearning.Appointment.CommandApi.csproj", "{8C19CCDA-AB42-451E-9BC2-8D9281AEF83B}"
EndProject
Project("{FAE04EC0-301F-11D3-BF4B-00C04F79EFBC}") = "EventStoreLearning.Appointment.QueryApi", "apps\appointment\EventStoreLearning.Appointment.QueryApi\EventStoreLearning.Appointment.QueryApi.csproj", "{6892B821-2AE8-49D7-8FF2-9E6DF2A9E494}"
EndProject
Project("{FAE04EC0-301F-11D3-BF4B-00C04F79EFBC}") = "EventStoreLearning.Appointment.Projection", "apps\appointment\EventStoreLearning.Appointment.Projection\EventStoreLearning.Appointment.Projection.csproj", "{571AF552-F4BE-43E3-B3D8-A6D86AA651AF}"
EndProject
Project("{FAE04EC0-301F-11D3-BF4B-00C04F79EFBC}") = "EventStoreLearning.Common.Web", "libs\EventStoreLearning.Common.Web\EventStoreLearning.Common.Web.csproj", "{CF2AB3EC-E77C-4138-BFCC-1C2D4C41CDC5}"
EndProject
Project("{FAE04EC0-301F-11D3-BF4B-00C04F79EFBC}") = "EventStoreLearning.Mongo", "libs\EventStoreLearning.Mongo\EventStoreLearning.Mongo.csproj", "{4BEA967E-05D8-40BE-81EB-B8976A85B5CA}"
EndProject
Global
	GlobalSection(SolutionConfigurationPlatforms) = preSolution
		Debug|Any CPU = Debug|Any CPU
		Release|Any CPU = Release|Any CPU
	EndGlobalSection
	GlobalSection(ProjectConfigurationPlatforms) = postSolution
		{129EB70B-87F6-408D-B047-B52F5E49B7ED}.Debug|Any CPU.ActiveCfg = Debug|Any CPU
		{129EB70B-87F6-408D-B047-B52F5E49B7ED}.Debug|Any CPU.Build.0 = Debug|Any CPU
		{129EB70B-87F6-408D-B047-B52F5E49B7ED}.Release|Any CPU.ActiveCfg = Release|Any CPU
		{129EB70B-87F6-408D-B047-B52F5E49B7ED}.Release|Any CPU.Build.0 = Release|Any CPU
		{B822E9FB-D2B8-4E55-83FC-957F046AAFF9}.Debug|Any CPU.ActiveCfg = Debug|Any CPU
		{B822E9FB-D2B8-4E55-83FC-957F046AAFF9}.Debug|Any CPU.Build.0 = Debug|Any CPU
		{B822E9FB-D2B8-4E55-83FC-957F046AAFF9}.Release|Any CPU.ActiveCfg = Release|Any CPU
		{B822E9FB-D2B8-4E55-83FC-957F046AAFF9}.Release|Any CPU.Build.0 = Release|Any CPU
		{415AA27C-ED0E-43AC-8A27-F4D392FE5DF4}.Debug|Any CPU.ActiveCfg = Debug|Any CPU
		{415AA27C-ED0E-43AC-8A27-F4D392FE5DF4}.Debug|Any CPU.Build.0 = Debug|Any CPU
		{415AA27C-ED0E-43AC-8A27-F4D392FE5DF4}.Release|Any CPU.ActiveCfg = Release|Any CPU
		{415AA27C-ED0E-43AC-8A27-F4D392FE5DF4}.Release|Any CPU.Build.0 = Release|Any CPU
		{8C19CCDA-AB42-451E-9BC2-8D9281AEF83B}.Debug|Any CPU.ActiveCfg = Debug|Any CPU
		{8C19CCDA-AB42-451E-9BC2-8D9281AEF83B}.Debug|Any CPU.Build.0 = Debug|Any CPU
		{8C19CCDA-AB42-451E-9BC2-8D9281AEF83B}.Release|Any CPU.ActiveCfg = Release|Any CPU
		{8C19CCDA-AB42-451E-9BC2-8D9281AEF83B}.Release|Any CPU.Build.0 = Release|Any CPU
		{6892B821-2AE8-49D7-8FF2-9E6DF2A9E494}.Debug|Any CPU.ActiveCfg = Debug|Any CPU
		{6892B821-2AE8-49D7-8FF2-9E6DF2A9E494}.Debug|Any CPU.Build.0 = Debug|Any CPU
		{6892B821-2AE8-49D7-8FF2-9E6DF2A9E494}.Release|Any CPU.ActiveCfg = Release|Any CPU
		{6892B821-2AE8-49D7-8FF2-9E6DF2A9E494}.Release|Any CPU.Build.0 = Release|Any CPU
		{571AF552-F4BE-43E3-B3D8-A6D86AA651AF}.Debug|Any CPU.ActiveCfg = Debug|Any CPU
		{571AF552-F4BE-43E3-B3D8-A6D86AA651AF}.Debug|Any CPU.Build.0 = Debug|Any CPU
		{571AF552-F4BE-43E3-B3D8-A6D86AA651AF}.Release|Any CPU.ActiveCfg = Release|Any CPU
		{571AF552-F4BE-43E3-B3D8-A6D86AA651AF}.Release|Any CPU.Build.0 = Release|Any CPU
		{CF2AB3EC-E77C-4138-BFCC-1C2D4C41CDC5}.Debug|Any CPU.ActiveCfg = Debug|Any CPU
		{CF2AB3EC-E77C-4138-BFCC-1C2D4C41CDC5}.Debug|Any CPU.Build.0 = Debug|Any CPU
		{CF2AB3EC-E77C-4138-BFCC-1C2D4C41CDC5}.Release|Any CPU.ActiveCfg = Release|Any CPU
		{CF2AB3EC-E77C-4138-BFCC-1C2D4C41CDC5}.Release|Any CPU.Build.0 = Release|Any CPU
		{4BEA967E-05D8-40BE-81EB-B8976A85B5CA}.Debug|Any CPU.ActiveCfg = Debug|Any CPU
		{4BEA967E-05D8-40BE-81EB-B8976A85B5CA}.Debug|Any CPU.Build.0 = Debug|Any CPU
		{4BEA967E-05D8-40BE-81EB-B8976A85B5CA}.Release|Any CPU.ActiveCfg = Release|Any CPU
		{4BEA967E-05D8-40BE-81EB-B8976A85B5CA}.Release|Any CPU.Build.0 = Release|Any CPU
	EndGlobalSection
	GlobalSection(NestedProjects) = preSolution
		{129EB70B-87F6-408D-B047-B52F5E49B7ED} = {FF578C55-9B36-42BA-963D-DDB43BAE402A}
		{B822E9FB-D2B8-4E55-83FC-957F046AAFF9} = {FF578C55-9B36-42BA-963D-DDB43BAE402A}
		{8C19CCDA-AB42-451E-9BC2-8D9281AEF83B} = {FF578C55-9B36-42BA-963D-DDB43BAE402A}
		{6892B821-2AE8-49D7-8FF2-9E6DF2A9E494} = {FF578C55-9B36-42BA-963D-DDB43BAE402A}
		{571AF552-F4BE-43E3-B3D8-A6D86AA651AF} = {FF578C55-9B36-42BA-963D-DDB43BAE402A}
	EndGlobalSection
EndGlobal
